
Microsoft Visual Studio Solution File, Format Version 12.00
# Visual Studio Version 16
VisualStudioVersion = 16.0.31702.278
MinimumVisualStudioVersion = 10.0.40219.1
Project("{2150E333-8FDC-42A3-9474-1A3956D46DE8}") = "src", "src", "{AB3FF93D-97AC-4A54-ACC3-F0BFA73070C5}"
EndProject
Project("{2150E333-8FDC-42A3-9474-1A3956D46DE8}") = "Solution Items", "Solution Items", "{53E03FBA-5E5C-4349-9540-678D87A9CBB2}"
	ProjectSection(SolutionItems) = preProject
		ServiceUrls.txt = ServiceUrls.txt
	EndProjectSection
EndProject
Project("{2150E333-8FDC-42A3-9474-1A3956D46DE8}") = "ApiGateWays", "ApiGateWays", "{32193535-B596-4758-8489-8226679E08EF}"
EndProject
Project("{2150E333-8FDC-42A3-9474-1A3956D46DE8}") = "Services", "Services", "{E7E59CF8-AFEF-4B2C-A1D4-2322E7391E75}"
EndProject
Project("{2150E333-8FDC-42A3-9474-1A3956D46DE8}") = "Clients", "Clients", "{BCFC5D29-6A52-49BA-A899-04BB5EE358F8}"
EndProject
Project("{2150E333-8FDC-42A3-9474-1A3956D46DE8}") = "BuildingBlocks", "BuildingBlocks", "{6EBAB4C3-561B-404B-A8E7-F1A9611D4E9F}"
EndProject
Project("{2150E333-8FDC-42A3-9474-1A3956D46DE8}") = "WebApiGateway", "WebApiGateway", "{B58D4234-8E8F-45F9-A002-005C77266484}"
EndProject
Project("{9A19103F-16F7-4668-BE54-9A1E7A4F7556}") = "Web.ApiGateway", "src\ApiGateways\WebApiGateway\Web.ApiGateway\Web.ApiGateway.csproj", "{B4069E96-4006-4388-9937-7A99D928BF09}"
EndProject
Project("{2150E333-8FDC-42A3-9474-1A3956D46DE8}") = "EventBus", "EventBus", "{DB128F80-C8AD-4950-9D83-484AB97BA07F}"
EndProject
Project("{9A19103F-16F7-4668-BE54-9A1E7A4F7556}") = "EventBus.Base", "src\BuildingBlocks\EventBus\EventBus.Base\EventBus.Base.csproj", "{D1BE7DFF-C1B5-4846-AC6E-1E4A86C8EF8B}"
EndProject
Project("{9A19103F-16F7-4668-BE54-9A1E7A4F7556}") = "EventBus.Factory", "src\BuildingBlocks\EventBus\EventBus.Factory\EventBus.Factory.csproj", "{490CB719-271F-45C3-8F49-C61A2B994E04}"
EndProject
Project("{9A19103F-16F7-4668-BE54-9A1E7A4F7556}") = "EventBus.AzureServiceBus", "src\BuildingBlocks\EventBus\EventBus.AzureServiceBus\EventBus.AzureServiceBus.csproj", "{43FDCDE5-D6D6-475C-9BA1-4E68DF451DB2}"
EndProject
Project("{9A19103F-16F7-4668-BE54-9A1E7A4F7556}") = "EventBus.RabbitMQ", "src\BuildingBlocks\EventBus\EventBus.RabbitMQ\EventBus.RabbitMQ.csproj", "{3B3D4465-6737-4C90-A961-3FDD9A6ABEA5}"
EndProject
Project("{9A19103F-16F7-4668-BE54-9A1E7A4F7556}") = "EventBus.Kafka", "src\BuildingBlocks\EventBus\EventBus.Kafka\EventBus.Kafka.csproj", "{7AB0C777-116C-4546-9E72-E5A340917A3B}"
EndProject
Project("{9A19103F-16F7-4668-BE54-9A1E7A4F7556}") = "WebApp", "src\Clients\BlazorWebApp\WebApp\WebApp.csproj", "{229C8FB5-F7C8-4235-ABA3-DEF74627F86C}"
EndProject
Project("{2150E333-8FDC-42A3-9474-1A3956D46DE8}") = "BasketService", "BasketService", "{97D96DB7-340E-43CB-ABFA-FC6AF1DF020E}"
EndProject
Project("{9A19103F-16F7-4668-BE54-9A1E7A4F7556}") = "BasketService.Api", "src\Services\BasketService\BasketService.Api\BasketService.Api.csproj", "{FDD47559-951B-405D-92BF-CC12589C76B0}"
EndProject
Project("{9A19103F-16F7-4668-BE54-9A1E7A4F7556}") = "CatalogService.Api", "src\Services\CatalogService\CatalogService.Api\CatalogService.Api.csproj", "{536FCAAC-7D4F-4286-92F7-8D0B4CCD6F75}"
EndProject
Project("{2150E333-8FDC-42A3-9474-1A3956D46DE8}") = "CatalogService", "CatalogService", "{552A147C-3D37-466C-8D78-5739C0F6BB61}"
EndProject
Project("{2150E333-8FDC-42A3-9474-1A3956D46DE8}") = "IdentityService", "IdentityService", "{84BE42B0-A0D5-417F-8749-CF670CE1A3EA}"
EndProject
Project("{9A19103F-16F7-4668-BE54-9A1E7A4F7556}") = "IdentityService.Api", "src\Services\IdentityService\IdentityService.Api\IdentityService.Api.csproj", "{DC35EBB5-7C35-4F50-8F5A-FB31C145EBFE}"
EndProject
Project("{2150E333-8FDC-42A3-9474-1A3956D46DE8}") = "GuideService", "GuideService", "{8263D490-F0EF-476A-98DA-787239F8AAE3}"
EndProject
Project("{9A19103F-16F7-4668-BE54-9A1E7A4F7556}") = "GuideService.Api", "src\Services\GuideService\GuideService.Api\GuideService.Api.csproj", "{E90C5E13-0A29-4233-884F-E455D223DC72}"
EndProject
Project("{2150E333-8FDC-42A3-9474-1A3956D46DE8}") = "NotificationService", "NotificationService", "{4DD570B5-09BB-4FA2-9FCE-0FCE1165A8A3}"
EndProject
Project("{9A19103F-16F7-4668-BE54-9A1E7A4F7556}") = "NotificationService", "src\Services\NotificationService\NotificationService\NotificationService.csproj", "{2F5AC699-44A2-47D2-8AB4-E9BB8D48E3D7}"
EndProject
Project("{2150E333-8FDC-42A3-9474-1A3956D46DE8}") = "OrderService", "OrderService", "{983CC83A-48B2-4B37-83CB-65AF156DD3DD}"
EndProject
Project("{9A19103F-16F7-4668-BE54-9A1E7A4F7556}") = "OrderService.Domain", "src\Services\OrderService\OrderService.Domain\OrderService.Domain.csproj", "{79EF9549-ABA7-4137-B3D9-18E5F1741822}"
EndProject
Project("{9A19103F-16F7-4668-BE54-9A1E7A4F7556}") = "OrderService.Infrastructure", "src\Services\OrderService\OrderService.Infrastructure\OrderService.Infrastructure.csproj", "{3ADBB20E-AE77-4B98-860A-42580D4BADEB}"
EndProject
Project("{9A19103F-16F7-4668-BE54-9A1E7A4F7556}") = "OrderService.Application", "src\Services\OrderService\OrderService.Application\OrderService.Application.csproj", "{DA1E6004-3F70-4E8A-9FD7-9120A104D70F}"
EndProject
Project("{FAE04EC0-301F-11D3-BF4B-00C04F79EFBC}") = "OrderService.Api", "src\Services\OrderService\OrderService.Api\OrderService.Api.csproj", "{BD5BA11C-F83F-464C-A0A9-0AB586AAEDE0}"
EndProject
Project("{2150E333-8FDC-42A3-9474-1A3956D46DE8}") = "PaymentService", "PaymentService", "{FAE46895-5E69-4E39-8BC8-5367D2F1D363}"
EndProject
Project("{FAE04EC0-301F-11D3-BF4B-00C04F79EFBC}") = "PeymentService.Api", "src\Services\PaymentService\PeymentService.Api\PeymentService.Api.csproj", "{65AD4172-5BB8-40C9-B416-F2CC6705B7DF}"
EndProject
Global
	GlobalSection(SolutionConfigurationPlatforms) = preSolution
		Debug|Any CPU = Debug|Any CPU
		Release|Any CPU = Release|Any CPU
	EndGlobalSection
	GlobalSection(ProjectConfigurationPlatforms) = postSolution
		{B4069E96-4006-4388-9937-7A99D928BF09}.Debug|Any CPU.ActiveCfg = Debug|Any CPU
		{B4069E96-4006-4388-9937-7A99D928BF09}.Debug|Any CPU.Build.0 = Debug|Any CPU
		{B4069E96-4006-4388-9937-7A99D928BF09}.Release|Any CPU.ActiveCfg = Release|Any CPU
		{B4069E96-4006-4388-9937-7A99D928BF09}.Release|Any CPU.Build.0 = Release|Any CPU
		{D1BE7DFF-C1B5-4846-AC6E-1E4A86C8EF8B}.Debug|Any CPU.ActiveCfg = Debug|Any CPU
		{D1BE7DFF-C1B5-4846-AC6E-1E4A86C8EF8B}.Debug|Any CPU.Build.0 = Debug|Any CPU
		{D1BE7DFF-C1B5-4846-AC6E-1E4A86C8EF8B}.Release|Any CPU.ActiveCfg = Release|Any CPU
		{D1BE7DFF-C1B5-4846-AC6E-1E4A86C8EF8B}.Release|Any CPU.Build.0 = Release|Any CPU
		{490CB719-271F-45C3-8F49-C61A2B994E04}.Debug|Any CPU.ActiveCfg = Debug|Any CPU
		{490CB719-271F-45C3-8F49-C61A2B994E04}.Debug|Any CPU.Build.0 = Debug|Any CPU
		{490CB719-271F-45C3-8F49-C61A2B994E04}.Release|Any CPU.ActiveCfg = Release|Any CPU
		{490CB719-271F-45C3-8F49-C61A2B994E04}.Release|Any CPU.Build.0 = Release|Any CPU
		{43FDCDE5-D6D6-475C-9BA1-4E68DF451DB2}.Debug|Any CPU.ActiveCfg = Debug|Any CPU
		{43FDCDE5-D6D6-475C-9BA1-4E68DF451DB2}.Debug|Any CPU.Build.0 = Debug|Any CPU
		{43FDCDE5-D6D6-475C-9BA1-4E68DF451DB2}.Release|Any CPU.ActiveCfg = Release|Any CPU
		{43FDCDE5-D6D6-475C-9BA1-4E68DF451DB2}.Release|Any CPU.Build.0 = Release|Any CPU
		{3B3D4465-6737-4C90-A961-3FDD9A6ABEA5}.Debug|Any CPU.ActiveCfg = Debug|Any CPU
		{3B3D4465-6737-4C90-A961-3FDD9A6ABEA5}.Debug|Any CPU.Build.0 = Debug|Any CPU
		{3B3D4465-6737-4C90-A961-3FDD9A6ABEA5}.Release|Any CPU.ActiveCfg = Release|Any CPU
		{3B3D4465-6737-4C90-A961-3FDD9A6ABEA5}.Release|Any CPU.Build.0 = Release|Any CPU
		{7AB0C777-116C-4546-9E72-E5A340917A3B}.Debug|Any CPU.ActiveCfg = Debug|Any CPU
		{7AB0C777-116C-4546-9E72-E5A340917A3B}.Debug|Any CPU.Build.0 = Debug|Any CPU
		{7AB0C777-116C-4546-9E72-E5A340917A3B}.Release|Any CPU.ActiveCfg = Release|Any CPU
		{7AB0C777-116C-4546-9E72-E5A340917A3B}.Release|Any CPU.Build.0 = Release|Any CPU
		{229C8FB5-F7C8-4235-ABA3-DEF74627F86C}.Debug|Any CPU.ActiveCfg = Debug|Any CPU
		{229C8FB5-F7C8-4235-ABA3-DEF74627F86C}.Debug|Any CPU.Build.0 = Debug|Any CPU
		{229C8FB5-F7C8-4235-ABA3-DEF74627F86C}.Release|Any CPU.ActiveCfg = Release|Any CPU
		{229C8FB5-F7C8-4235-ABA3-DEF74627F86C}.Release|Any CPU.Build.0 = Release|Any CPU
		{FDD47559-951B-405D-92BF-CC12589C76B0}.Debug|Any CPU.ActiveCfg = Debug|Any CPU
		{FDD47559-951B-405D-92BF-CC12589C76B0}.Debug|Any CPU.Build.0 = Debug|Any CPU
		{FDD47559-951B-405D-92BF-CC12589C76B0}.Release|Any CPU.ActiveCfg = Release|Any CPU
		{FDD47559-951B-405D-92BF-CC12589C76B0}.Release|Any CPU.Build.0 = Release|Any CPU
		{536FCAAC-7D4F-4286-92F7-8D0B4CCD6F75}.Debug|Any CPU.ActiveCfg = Debug|Any CPU
		{536FCAAC-7D4F-4286-92F7-8D0B4CCD6F75}.Debug|Any CPU.Build.0 = Debug|Any CPU
		{536FCAAC-7D4F-4286-92F7-8D0B4CCD6F75}.Release|Any CPU.ActiveCfg = Release|Any CPU
		{536FCAAC-7D4F-4286-92F7-8D0B4CCD6F75}.Release|Any CPU.Build.0 = Release|Any CPU
		{DC35EBB5-7C35-4F50-8F5A-FB31C145EBFE}.Debug|Any CPU.ActiveCfg = Debug|Any CPU
		{DC35EBB5-7C35-4F50-8F5A-FB31C145EBFE}.Debug|Any CPU.Build.0 = Debug|Any CPU
		{DC35EBB5-7C35-4F50-8F5A-FB31C145EBFE}.Release|Any CPU.ActiveCfg = Release|Any CPU
		{DC35EBB5-7C35-4F50-8F5A-FB31C145EBFE}.Release|Any CPU.Build.0 = Release|Any CPU
		{E90C5E13-0A29-4233-884F-E455D223DC72}.Debug|Any CPU.ActiveCfg = Debug|Any CPU
		{E90C5E13-0A29-4233-884F-E455D223DC72}.Debug|Any CPU.Build.0 = Debug|Any CPU
		{E90C5E13-0A29-4233-884F-E455D223DC72}.Release|Any CPU.ActiveCfg = Release|Any CPU
		{E90C5E13-0A29-4233-884F-E455D223DC72}.Release|Any CPU.Build.0 = Release|Any CPU
		{2F5AC699-44A2-47D2-8AB4-E9BB8D48E3D7}.Debug|Any CPU.ActiveCfg = Debug|Any CPU
		{2F5AC699-44A2-47D2-8AB4-E9BB8D48E3D7}.Debug|Any CPU.Build.0 = Debug|Any CPU
		{2F5AC699-44A2-47D2-8AB4-E9BB8D48E3D7}.Release|Any CPU.ActiveCfg = Release|Any CPU
		{2F5AC699-44A2-47D2-8AB4-E9BB8D48E3D7}.Release|Any CPU.Build.0 = Release|Any CPU
		{79EF9549-ABA7-4137-B3D9-18E5F1741822}.Debug|Any CPU.ActiveCfg = Debug|Any CPU
		{79EF9549-ABA7-4137-B3D9-18E5F1741822}.Debug|Any CPU.Build.0 = Debug|Any CPU
		{79EF9549-ABA7-4137-B3D9-18E5F1741822}.Release|Any CPU.ActiveCfg = Release|Any CPU
		{79EF9549-ABA7-4137-B3D9-18E5F1741822}.Release|Any CPU.Build.0 = Release|Any CPU
		{3ADBB20E-AE77-4B98-860A-42580D4BADEB}.Debug|Any CPU.ActiveCfg = Debug|Any CPU
		{3ADBB20E-AE77-4B98-860A-42580D4BADEB}.Debug|Any CPU.Build.0 = Debug|Any CPU
		{3ADBB20E-AE77-4B98-860A-42580D4BADEB}.Release|Any CPU.ActiveCfg = Release|Any CPU
		{3ADBB20E-AE77-4B98-860A-42580D4BADEB}.Release|Any CPU.Build.0 = Release|Any CPU
		{DA1E6004-3F70-4E8A-9FD7-9120A104D70F}.Debug|Any CPU.ActiveCfg = Debug|Any CPU
		{DA1E6004-3F70-4E8A-9FD7-9120A104D70F}.Debug|Any CPU.Build.0 = Debug|Any CPU
		{DA1E6004-3F70-4E8A-9FD7-9120A104D70F}.Release|Any CPU.ActiveCfg = Release|Any CPU
		{DA1E6004-3F70-4E8A-9FD7-9120A104D70F}.Release|Any CPU.Build.0 = Release|Any CPU
		{BD5BA11C-F83F-464C-A0A9-0AB586AAEDE0}.Debug|Any CPU.ActiveCfg = Debug|Any CPU
		{BD5BA11C-F83F-464C-A0A9-0AB586AAEDE0}.Debug|Any CPU.Build.0 = Debug|Any CPU
		{BD5BA11C-F83F-464C-A0A9-0AB586AAEDE0}.Release|Any CPU.ActiveCfg = Release|Any CPU
		{BD5BA11C-F83F-464C-A0A9-0AB586AAEDE0}.Release|Any CPU.Build.0 = Release|Any CPU
		{65AD4172-5BB8-40C9-B416-F2CC6705B7DF}.Debug|Any CPU.ActiveCfg = Debug|Any CPU
		{65AD4172-5BB8-40C9-B416-F2CC6705B7DF}.Debug|Any CPU.Build.0 = Debug|Any CPU
		{65AD4172-5BB8-40C9-B416-F2CC6705B7DF}.Release|Any CPU.ActiveCfg = Release|Any CPU
		{65AD4172-5BB8-40C9-B416-F2CC6705B7DF}.Release|Any CPU.Build.0 = Release|Any CPU
	EndGlobalSection
	GlobalSection(SolutionProperties) = preSolution
		HideSolutionNode = FALSE
	EndGlobalSection
	GlobalSection(NestedProjects) = preSolution
		{32193535-B596-4758-8489-8226679E08EF} = {AB3FF93D-97AC-4A54-ACC3-F0BFA73070C5}
		{E7E59CF8-AFEF-4B2C-A1D4-2322E7391E75} = {AB3FF93D-97AC-4A54-ACC3-F0BFA73070C5}
		{BCFC5D29-6A52-49BA-A899-04BB5EE358F8} = {AB3FF93D-97AC-4A54-ACC3-F0BFA73070C5}
		{6EBAB4C3-561B-404B-A8E7-F1A9611D4E9F} = {AB3FF93D-97AC-4A54-ACC3-F0BFA73070C5}
		{B58D4234-8E8F-45F9-A002-005C77266484} = {32193535-B596-4758-8489-8226679E08EF}
		{B4069E96-4006-4388-9937-7A99D928BF09} = {B58D4234-8E8F-45F9-A002-005C77266484}
		{DB128F80-C8AD-4950-9D83-484AB97BA07F} = {6EBAB4C3-561B-404B-A8E7-F1A9611D4E9F}
		{D1BE7DFF-C1B5-4846-AC6E-1E4A86C8EF8B} = {DB128F80-C8AD-4950-9D83-484AB97BA07F}
		{490CB719-271F-45C3-8F49-C61A2B994E04} = {DB128F80-C8AD-4950-9D83-484AB97BA07F}
		{43FDCDE5-D6D6-475C-9BA1-4E68DF451DB2} = {DB128F80-C8AD-4950-9D83-484AB97BA07F}
		{3B3D4465-6737-4C90-A961-3FDD9A6ABEA5} = {DB128F80-C8AD-4950-9D83-484AB97BA07F}
		{7AB0C777-116C-4546-9E72-E5A340917A3B} = {DB128F80-C8AD-4950-9D83-484AB97BA07F}
		{229C8FB5-F7C8-4235-ABA3-DEF74627F86C} = {BCFC5D29-6A52-49BA-A899-04BB5EE358F8}
		{97D96DB7-340E-43CB-ABFA-FC6AF1DF020E} = {E7E59CF8-AFEF-4B2C-A1D4-2322E7391E75}
		{FDD47559-951B-405D-92BF-CC12589C76B0} = {97D96DB7-340E-43CB-ABFA-FC6AF1DF020E}
		{536FCAAC-7D4F-4286-92F7-8D0B4CCD6F75} = {552A147C-3D37-466C-8D78-5739C0F6BB61}
		{552A147C-3D37-466C-8D78-5739C0F6BB61} = {E7E59CF8-AFEF-4B2C-A1D4-2322E7391E75}
		{84BE42B0-A0D5-417F-8749-CF670CE1A3EA} = {E7E59CF8-AFEF-4B2C-A1D4-2322E7391E75}
		{DC35EBB5-7C35-4F50-8F5A-FB31C145EBFE} = {84BE42B0-A0D5-417F-8749-CF670CE1A3EA}
		{8263D490-F0EF-476A-98DA-787239F8AAE3} = {E7E59CF8-AFEF-4B2C-A1D4-2322E7391E75}
		{E90C5E13-0A29-4233-884F-E455D223DC72} = {8263D490-F0EF-476A-98DA-787239F8AAE3}
		{4DD570B5-09BB-4FA2-9FCE-0FCE1165A8A3} = {E7E59CF8-AFEF-4B2C-A1D4-2322E7391E75}
		{2F5AC699-44A2-47D2-8AB4-E9BB8D48E3D7} = {4DD570B5-09BB-4FA2-9FCE-0FCE1165A8A3}
		{983CC83A-48B2-4B37-83CB-65AF156DD3DD} = {E7E59CF8-AFEF-4B2C-A1D4-2322E7391E75}
		{79EF9549-ABA7-4137-B3D9-18E5F1741822} = {983CC83A-48B2-4B37-83CB-65AF156DD3DD}
		{3ADBB20E-AE77-4B98-860A-42580D4BADEB} = {983CC83A-48B2-4B37-83CB-65AF156DD3DD}
		{DA1E6004-3F70-4E8A-9FD7-9120A104D70F} = {983CC83A-48B2-4B37-83CB-65AF156DD3DD}
		{BD5BA11C-F83F-464C-A0A9-0AB586AAEDE0} = {983CC83A-48B2-4B37-83CB-65AF156DD3DD}
		{FAE46895-5E69-4E39-8BC8-5367D2F1D363} = {E7E59CF8-AFEF-4B2C-A1D4-2322E7391E75}
		{65AD4172-5BB8-40C9-B416-F2CC6705B7DF} = {FAE46895-5E69-4E39-8BC8-5367D2F1D363}
	EndGlobalSection
	GlobalSection(ExtensibilityGlobals) = postSolution
		SolutionGuid = {35388771-A3A7-4A2E-8D53-3652EE7F1F18}
	EndGlobalSection
EndGlobal
